
Microsoft Visual Studio Solution File, Format Version 12.00
# Visual Studio Version 17
VisualStudioVersion = 17.2.32516.85
MinimumVisualStudioVersion = 10.0.40219.1
Project("{FAE04EC0-301F-11D3-BF4B-00C04F79EFBC}") = "ToDo_WebAPI", "ToDo_WebAPI\ToDo_WebAPI.csproj", "{019BA836-5E65-4E01-B648-05E4C305306E}"
EndProject
Global
	GlobalSection(SolutionConfigurationPlatforms) = preSolution
		Debug|Any CPU = Debug|Any CPU
		Release|Any CPU = Release|Any CPU
	EndGlobalSection
	GlobalSection(ProjectConfigurationPlatforms) = postSolution
		{019BA836-5E65-4E01-B648-05E4C305306E}.Debug|Any CPU.ActiveCfg = Debug|Any CPU
		{019BA836-5E65-4E01-B648-05E4C305306E}.Debug|Any CPU.Build.0 = Debug|Any CPU
		{019BA836-5E65-4E01-B648-05E4C305306E}.Release|Any CPU.ActiveCfg = Release|Any CPU
		{019BA836-5E65-4E01-B648-05E4C305306E}.Release|Any CPU.Build.0 = Release|Any CPU
	EndGlobalSection
	GlobalSection(SolutionProperties) = preSolution
		HideSolutionNode = FALSE
	EndGlobalSection
	GlobalSection(ExtensibilityGlobals) = postSolution
		SolutionGuid = {D377710B-9204-428A-B437-29A8775495F2}
	EndGlobalSection
EndGlobal
